// !$*UTF8*$!
{
	archiveVersion = 1;
	classes = {
	};
	objectVersion = 46;
	objects = {

/* Begin PBXBuildFile section */
		9DF276ECBEC4FC82FEC4B901 /* libPods-XHPlayerVideo.a in Frameworks */ = {isa = PBXBuildFile; fileRef = 029B916A20BEB233407D41E3 /* libPods-XHPlayerVideo.a */; };
		FC40F64E1D78A3EA00CD092D /* README.md in Sources */ = {isa = PBXBuildFile; fileRef = FC40F64D1D78A3EA00CD092D /* README.md */; };
		FC5766CA1D8F80CC000A5787 /* Log.m in Sources */ = {isa = PBXBuildFile; fileRef = FC5766C91D8F80CC000A5787 /* Log.m */; };
		FC5A84DF1D7089C200267B7F /* AppDelegate.m in Sources */ = {isa = PBXBuildFile; fileRef = FC5A84DE1D7089C200267B7F /* AppDelegate.m */; };
		FC5A84E21D7089C200267B7F /* main.m in Sources */ = {isa = PBXBuildFile; fileRef = FC5A84E11D7089C200267B7F /* main.m */; };
		FC5A84E71D7089C200267B7F /* Assets.xcassets in Resources */ = {isa = PBXBuildFile; fileRef = FC5A84E61D7089C200267B7F /* Assets.xcassets */; };
		FC5A84F51D7089C200267B7F /* XHPlayerVideoTests.m in Sources */ = {isa = PBXBuildFile; fileRef = FC5A84F41D7089C200267B7F /* XHPlayerVideoTests.m */; };
		FC5A85001D7089C200267B7F /* XHPlayerVideoUITests.m in Sources */ = {isa = PBXBuildFile; fileRef = FC5A84FF1D7089C200267B7F /* XHPlayerVideoUITests.m */; };
		FC5A85461D70AEC100267B7F /* PlayerVideoWindowController.m in Sources */ = {isa = PBXBuildFile; fileRef = FC5A853A1D70AEC100267B7F /* PlayerVideoWindowController.m */; };
		FC5A854B1D70B77400267B7F /* background.jpg in Resources */ = {isa = PBXBuildFile; fileRef = FC5A854A1D70B77400267B7F /* background.jpg */; };
		FC5E94001D770554008F3872 /* VideoCell.m in Sources */ = {isa = PBXBuildFile; fileRef = FC5E93FF1D770554008F3872 /* VideoCell.m */; };
		FC71C2841D7980F300DEF5AB /* VideoCellSelectedView.m in Sources */ = {isa = PBXBuildFile; fileRef = FC71C2831D7980F300DEF5AB /* VideoCellSelectedView.m */; };
		FC7508661D77CA9C000130BC /* PlayListViewController.xib in Resources */ = {isa = PBXBuildFile; fileRef = FC7508651D77CA9C000130BC /* PlayListViewController.xib */; };
		FC75086A1D77CBCD000130BC /* PlayListViewController.m in Sources */ = {isa = PBXBuildFile; fileRef = FC7508691D77CBCD000130BC /* PlayListViewController.m */; };
		FC75086D1D77CCC7000130BC /* PlayListWindowController.m in Sources */ = {isa = PBXBuildFile; fileRef = FC75086C1D77CCC7000130BC /* PlayListWindowController.m */; };
		FC7508711D781A3D000130BC /* PlayerVideoViewController.m in Sources */ = {isa = PBXBuildFile; fileRef = FC75086F1D781A3D000130BC /* PlayerVideoViewController.m */; };
		FC7508721D781A3D000130BC /* PlayerVideoViewController.xib in Resources */ = {isa = PBXBuildFile; fileRef = FC7508701D781A3D000130BC /* PlayerVideoViewController.xib */; };
		FC7508751D781C4B000130BC /* Main.storyboard in Resources */ = {isa = PBXBuildFile; fileRef = FC7508731D781C4B000130BC /* Main.storyboard */; };
		FC7508781D79313D000130BC /* NSLabel.m in Sources */ = {isa = PBXBuildFile; fileRef = FC7508771D79313D000130BC /* NSLabel.m */; };
		FCD575B51D7469C500B181C0 /* PlayListTitleView.m in Sources */ = {isa = PBXBuildFile; fileRef = FCD575B41D7469C500B181C0 /* PlayListTitleView.m */; };
		FCD575B81D747D0E00B181C0 /* PlayerTitleView.m in Sources */ = {isa = PBXBuildFile; fileRef = FCD575B71D747D0E00B181C0 /* PlayerTitleView.m */; };
		FCD575BA1D749E0900B181C0 /* QuartzCore.framework in Frameworks */ = {isa = PBXBuildFile; fileRef = FCD575B91D749E0900B181C0 /* QuartzCore.framework */; };
		FCDD9EA61D71934A0098C259 /* ControllerView.m in Sources */ = {isa = PBXBuildFile; fileRef = FCDD9EA51D71934A0098C259 /* ControllerView.m */; };
		FCF117FE1D7B202900A78A5C /* audio.icns in Resources */ = {isa = PBXBuildFile; fileRef = FCF117FD1D7B202900A78A5C /* audio.icns */; };
		FCF118001D7B20C300A78A5C /* video.icns in Resources */ = {isa = PBXBuildFile; fileRef = FCF117FF1D7B20C300A78A5C /* video.icns */; };
		FCF118021D7B20D400A78A5C /* smpl.icns in Resources */ = {isa = PBXBuildFile; fileRef = FCF118011D7B20D400A78A5C /* smpl.icns */; };
		FCF118041D7B53AA00A78A5C /* videoNotExist.png in Resources */ = {isa = PBXBuildFile; fileRef = FCF118031D7B53AA00A78A5C /* videoNotExist.png */; };
		FCF118081D7B62D600A78A5C /* VLCKit.framework in Embed Frameworks */ = {isa = PBXBuildFile; fileRef = FCDD9EA71D719C140098C259 /* VLCKit.framework */; settings = {ATTRIBUTES = (CodeSignOnCopy, RemoveHeadersOnCopy, ); }; };
		FCF1180A1D7B64CF00A78A5C /* VLCKit.framework in Frameworks */ = {isa = PBXBuildFile; fileRef = FCDD9EA71D719C140098C259 /* VLCKit.framework */; };
		FCFE5BA51D72F9BD005DF1A4 /* VideoModel.m in Sources */ = {isa = PBXBuildFile; fileRef = FCFE5B9B1D72F9BD005DF1A4 /* VideoModel.m */; };
		FCFE5BA61D72F9BD005DF1A4 /* VideoListTableView.m in Sources */ = {isa = PBXBuildFile; fileRef = FCFE5B9E1D72F9BD005DF1A4 /* VideoListTableView.m */; };
		FCFE5BA71D72F9BD005DF1A4 /* PlayListWindow.m in Sources */ = {isa = PBXBuildFile; fileRef = FCFE5BA11D72F9BD005DF1A4 /* PlayListWindow.m */; };
		FCFE5BA91D731D81005DF1A4 /* defaultCover.png in Resources */ = {isa = PBXBuildFile; fileRef = FCFE5BA81D731D81005DF1A4 /* defaultCover.png */; };
		FCFE5BAC1D731F40005DF1A4 /* AVFoundation.framework in Frameworks */ = {isa = PBXBuildFile; fileRef = FCFE5BAB1D731F40005DF1A4 /* AVFoundation.framework */; };
		FCFE5BAE1D731F7D005DF1A4 /* CoreMedia.framework in Frameworks */ = {isa = PBXBuildFile; fileRef = FCFE5BAD1D731F7D005DF1A4 /* CoreMedia.framework */; };
		FCFE5BB11D7336C4005DF1A4 /* PlayListModel.m in Sources */ = {isa = PBXBuildFile; fileRef = FCFE5BB01D7336C4005DF1A4 /* PlayListModel.m */; };
/* End PBXBuildFile section */

/* Begin PBXContainerItemProxy section */
		FC5A84F11D7089C200267B7F /* PBXContainerItemProxy */ = {
			isa = PBXContainerItemProxy;
			containerPortal = FC5A84D21D7089C200267B7F /* Project object */;
			proxyType = 1;
			remoteGlobalIDString = FC5A84D91D7089C200267B7F;
			remoteInfo = XHPlayerVideo;
		};
		FC5A84FC1D7089C200267B7F /* PBXContainerItemProxy */ = {
			isa = PBXContainerItemProxy;
			containerPortal = FC5A84D21D7089C200267B7F /* Project object */;
			proxyType = 1;
			remoteGlobalIDString = FC5A84D91D7089C200267B7F;
			remoteInfo = XHPlayerVideo;
		};
/* End PBXContainerItemProxy section */

/* Begin PBXCopyFilesBuildPhase section */
		FCF118091D7B62D600A78A5C /* Embed Frameworks */ = {
			isa = PBXCopyFilesBuildPhase;
			buildActionMask = 2147483647;
			dstPath = "";
			dstSubfolderSpec = 10;
			files = (
				FCF118081D7B62D600A78A5C /* VLCKit.framework in Embed Frameworks */,
			);
			name = "Embed Frameworks";
			runOnlyForDeploymentPostprocessing = 0;
		};
/* End PBXCopyFilesBuildPhase section */

/* Begin PBXFileReference section */
		029B916A20BEB233407D41E3 /* libPods-XHPlayerVideo.a */ = {isa = PBXFileReference; explicitFileType = archive.ar; includeInIndex = 0; path = "libPods-XHPlayerVideo.a"; sourceTree = BUILT_PRODUCTS_DIR; };
		11B324F5AA03EBDC27F8F80C /* Pods-XHPlayerVideo.debug.xcconfig */ = {isa = PBXFileReference; includeInIndex = 1; lastKnownFileType = text.xcconfig; name = "Pods-XHPlayerVideo.debug.xcconfig"; path = "Pods/Target Support Files/Pods-XHPlayerVideo/Pods-XHPlayerVideo.debug.xcconfig"; sourceTree = "<group>"; };
		EB1A32EA5DFDC2FFA65D77A3 /* Pods-XHPlayerVideo.release.xcconfig */ = {isa = PBXFileReference; includeInIndex = 1; lastKnownFileType = text.xcconfig; name = "Pods-XHPlayerVideo.release.xcconfig"; path = "Pods/Target Support Files/Pods-XHPlayerVideo/Pods-XHPlayerVideo.release.xcconfig"; sourceTree = "<group>"; };
		FC40F64D1D78A3EA00CD092D /* README.md */ = {isa = PBXFileReference; fileEncoding = 4; lastKnownFileType = net.daringfireball.markdown; path = README.md; sourceTree = SOURCE_ROOT; };
		FC5766C81D8F80CC000A5787 /* Log.h */ = {isa = PBXFileReference; fileEncoding = 4; lastKnownFileType = sourcecode.c.h; name = Log.h; path = Log/Log.h; sourceTree = "<group>"; };
		FC5766C91D8F80CC000A5787 /* Log.m */ = {isa = PBXFileReference; fileEncoding = 4; lastKnownFileType = sourcecode.c.objc; name = Log.m; path = Log/Log.m; sourceTree = "<group>"; };
		FC5A84DA1D7089C200267B7F /* XHPlayerVideo.app */ = {isa = PBXFileReference; explicitFileType = wrapper.application; includeInIndex = 0; path = XHPlayerVideo.app; sourceTree = BUILT_PRODUCTS_DIR; };
		FC5A84DD1D7089C200267B7F /* AppDelegate.h */ = {isa = PBXFileReference; lastKnownFileType = sourcecode.c.h; path = AppDelegate.h; sourceTree = "<group>"; };
		FC5A84DE1D7089C200267B7F /* AppDelegate.m */ = {isa = PBXFileReference; lastKnownFileType = sourcecode.c.objc; path = AppDelegate.m; sourceTree = "<group>"; };
		FC5A84E11D7089C200267B7F /* main.m */ = {isa = PBXFileReference; lastKnownFileType = sourcecode.c.objc; path = main.m; sourceTree = "<group>"; };
		FC5A84E61D7089C200267B7F /* Assets.xcassets */ = {isa = PBXFileReference; lastKnownFileType = folder.assetcatalog; path = Assets.xcassets; sourceTree = "<group>"; };
		FC5A84EB1D7089C200267B7F /* Info.plist */ = {isa = PBXFileReference; lastKnownFileType = text.plist.xml; path = Info.plist; sourceTree = "<group>"; };
		FC5A84F01D7089C200267B7F /* XHPlayerVideoTests.xctest */ = {isa = PBXFileReference; explicitFileType = wrapper.cfbundle; includeInIndex = 0; path = XHPlayerVideoTests.xctest; sourceTree = BUILT_PRODUCTS_DIR; };
		FC5A84F41D7089C200267B7F /* XHPlayerVideoTests.m */ = {isa = PBXFileReference; lastKnownFileType = sourcecode.c.objc; path = XHPlayerVideoTests.m; sourceTree = "<group>"; };
		FC5A84F61D7089C200267B7F /* Info.plist */ = {isa = PBXFileReference; lastKnownFileType = text.plist.xml; path = Info.plist; sourceTree = "<group>"; };
		FC5A84FB1D7089C200267B7F /* XHPlayerVideoUITests.xctest */ = {isa = PBXFileReference; explicitFileType = wrapper.cfbundle; includeInIndex = 0; path = XHPlayerVideoUITests.xctest; sourceTree = BUILT_PRODUCTS_DIR; };
		FC5A84FF1D7089C200267B7F /* XHPlayerVideoUITests.m */ = {isa = PBXFileReference; lastKnownFileType = sourcecode.c.objc; path = XHPlayerVideoUITests.m; sourceTree = "<group>"; };
		FC5A85011D7089C200267B7F /* Info.plist */ = {isa = PBXFileReference; lastKnownFileType = text.plist.xml; path = Info.plist; sourceTree = "<group>"; };
		FC5A85391D70AEC100267B7F /* PlayerVideoWindowController.h */ = {isa = PBXFileReference; fileEncoding = 4; lastKnownFileType = sourcecode.c.h; path = PlayerVideoWindowController.h; sourceTree = "<group>"; };
		FC5A853A1D70AEC100267B7F /* PlayerVideoWindowController.m */ = {isa = PBXFileReference; fileEncoding = 4; lastKnownFileType = sourcecode.c.objc; path = PlayerVideoWindowController.m; sourceTree = "<group>"; };
		FC5A85491D70B38000267B7F /* Macro.h */ = {isa = PBXFileReference; lastKnownFileType = sourcecode.c.h; path = Macro.h; sourceTree = "<group>"; };
		FC5A854A1D70B77400267B7F /* background.jpg */ = {isa = PBXFileReference; lastKnownFileType = image.jpeg; path = background.jpg; sourceTree = "<group>"; };
		FC5E93FE1D770554008F3872 /* VideoCell.h */ = {isa = PBXFileReference; fileEncoding = 4; lastKnownFileType = sourcecode.c.h; path = VideoCell.h; sourceTree = "<group>"; };
		FC5E93FF1D770554008F3872 /* VideoCell.m */ = {isa = PBXFileReference; fileEncoding = 4; lastKnownFileType = sourcecode.c.objc; path = VideoCell.m; sourceTree = "<group>"; };
		FC71C2821D7980F300DEF5AB /* VideoCellSelectedView.h */ = {isa = PBXFileReference; fileEncoding = 4; lastKnownFileType = sourcecode.c.h; path = VideoCellSelectedView.h; sourceTree = "<group>"; };
		FC71C2831D7980F300DEF5AB /* VideoCellSelectedView.m */ = {isa = PBXFileReference; fileEncoding = 4; lastKnownFileType = sourcecode.c.objc; path = VideoCellSelectedView.m; sourceTree = "<group>"; };
		FC7508651D77CA9C000130BC /* PlayListViewController.xib */ = {isa = PBXFileReference; fileEncoding = 4; lastKnownFileType = file.xib; path = PlayListViewController.xib; sourceTree = "<group>"; };
		FC7508681D77CBCD000130BC /* PlayListViewController.h */ = {isa = PBXFileReference; fileEncoding = 4; lastKnownFileType = sourcecode.c.h; path = PlayListViewController.h; sourceTree = "<group>"; };
		FC7508691D77CBCD000130BC /* PlayListViewController.m */ = {isa = PBXFileReference; fileEncoding = 4; lastKnownFileType = sourcecode.c.objc; path = PlayListViewController.m; sourceTree = "<group>"; };
		FC75086B1D77CCC7000130BC /* PlayListWindowController.h */ = {isa = PBXFileReference; fileEncoding = 4; lastKnownFileType = sourcecode.c.h; path = PlayListWindowController.h; sourceTree = "<group>"; };
		FC75086C1D77CCC7000130BC /* PlayListWindowController.m */ = {isa = PBXFileReference; fileEncoding = 4; lastKnownFileType = sourcecode.c.objc; path = PlayListWindowController.m; sourceTree = "<group>"; };
		FC75086E1D781A3D000130BC /* PlayerVideoViewController.h */ = {isa = PBXFileReference; fileEncoding = 4; lastKnownFileType = sourcecode.c.h; path = PlayerVideoViewController.h; sourceTree = "<group>"; };
		FC75086F1D781A3D000130BC /* PlayerVideoViewController.m */ = {isa = PBXFileReference; fileEncoding = 4; lastKnownFileType = sourcecode.c.objc; path = PlayerVideoViewController.m; sourceTree = "<group>"; };
		FC7508701D781A3D000130BC /* PlayerVideoViewController.xib */ = {isa = PBXFileReference; fileEncoding = 4; lastKnownFileType = file.xib; path = PlayerVideoViewController.xib; sourceTree = "<group>"; };
		FC7508741D781C4B000130BC /* Base */ = {isa = PBXFileReference; lastKnownFileType = file.storyboard; name = Base; path = Base.lproj/Main.storyboard; sourceTree = "<group>"; };
		FC7508761D79313D000130BC /* NSLabel.h */ = {isa = PBXFileReference; fileEncoding = 4; lastKnownFileType = sourcecode.c.h; path = NSLabel.h; sourceTree = "<group>"; };
		FC7508771D79313D000130BC /* NSLabel.m */ = {isa = PBXFileReference; fileEncoding = 4; lastKnownFileType = sourcecode.c.objc; path = NSLabel.m; sourceTree = "<group>"; };
		FCD575B31D7469C500B181C0 /* PlayListTitleView.h */ = {isa = PBXFileReference; fileEncoding = 4; lastKnownFileType = sourcecode.c.h; path = PlayListTitleView.h; sourceTree = "<group>"; };
		FCD575B41D7469C500B181C0 /* PlayListTitleView.m */ = {isa = PBXFileReference; fileEncoding = 4; lastKnownFileType = sourcecode.c.objc; path = PlayListTitleView.m; sourceTree = "<group>"; };
		FCD575B61D747D0E00B181C0 /* PlayerTitleView.h */ = {isa = PBXFileReference; fileEncoding = 4; lastKnownFileType = sourcecode.c.h; path = PlayerTitleView.h; sourceTree = "<group>"; };
		FCD575B71D747D0E00B181C0 /* PlayerTitleView.m */ = {isa = PBXFileReference; fileEncoding = 4; lastKnownFileType = sourcecode.c.objc; path = PlayerTitleView.m; sourceTree = "<group>"; };
		FCD575B91D749E0900B181C0 /* QuartzCore.framework */ = {isa = PBXFileReference; lastKnownFileType = wrapper.framework; name = QuartzCore.framework; path = System/Library/Frameworks/QuartzCore.framework; sourceTree = SDKROOT; };
		FCDD9EA41D71934A0098C259 /* ControllerView.h */ = {isa = PBXFileReference; fileEncoding = 4; lastKnownFileType = sourcecode.c.h; path = ControllerView.h; sourceTree = "<group>"; };
		FCDD9EA51D71934A0098C259 /* ControllerView.m */ = {isa = PBXFileReference; fileEncoding = 4; lastKnownFileType = sourcecode.c.objc; path = ControllerView.m; sourceTree = "<group>"; };
		FCDD9EA71D719C140098C259 /* VLCKit.framework */ = {isa = PBXFileReference; lastKnownFileType = wrapper.framework; path = VLCKit.framework; sourceTree = "<group>"; };
		FCF117FD1D7B202900A78A5C /* audio.icns */ = {isa = PBXFileReference; lastKnownFileType = image.icns; path = audio.icns; sourceTree = "<group>"; };
		FCF117FF1D7B20C300A78A5C /* video.icns */ = {isa = PBXFileReference; lastKnownFileType = image.icns; path = video.icns; sourceTree = "<group>"; };
		FCF118011D7B20D400A78A5C /* smpl.icns */ = {isa = PBXFileReference; lastKnownFileType = image.icns; path = smpl.icns; sourceTree = "<group>"; };
		FCF118031D7B53AA00A78A5C /* videoNotExist.png */ = {isa = PBXFileReference; lastKnownFileType = image.png; path = videoNotExist.png; sourceTree = "<group>"; };
		FCFE5B9A1D72F9BD005DF1A4 /* VideoModel.h */ = {isa = PBXFileReference; fileEncoding = 4; lastKnownFileType = sourcecode.c.h; path = VideoModel.h; sourceTree = "<group>"; };
		FCFE5B9B1D72F9BD005DF1A4 /* VideoModel.m */ = {isa = PBXFileReference; fileEncoding = 4; lastKnownFileType = sourcecode.c.objc; path = VideoModel.m; sourceTree = "<group>"; };
		FCFE5B9D1D72F9BD005DF1A4 /* VideoListTableView.h */ = {isa = PBXFileReference; fileEncoding = 4; lastKnownFileType = sourcecode.c.h; path = VideoListTableView.h; sourceTree = "<group>"; };
		FCFE5B9E1D72F9BD005DF1A4 /* VideoListTableView.m */ = {isa = PBXFileReference; fileEncoding = 4; lastKnownFileType = sourcecode.c.objc; path = VideoListTableView.m; sourceTree = "<group>"; };
		FCFE5BA01D72F9BD005DF1A4 /* PlayListWindow.h */ = {isa = PBXFileReference; fileEncoding = 4; lastKnownFileType = sourcecode.c.h; path = PlayListWindow.h; sourceTree = "<group>"; };
		FCFE5BA11D72F9BD005DF1A4 /* PlayListWindow.m */ = {isa = PBXFileReference; fileEncoding = 4; lastKnownFileType = sourcecode.c.objc; path = PlayListWindow.m; sourceTree = "<group>"; };
		FCFE5BA81D731D81005DF1A4 /* defaultCover.png */ = {isa = PBXFileReference; lastKnownFileType = image.png; path = defaultCover.png; sourceTree = "<group>"; };
		FCFE5BAB1D731F40005DF1A4 /* AVFoundation.framework */ = {isa = PBXFileReference; lastKnownFileType = wrapper.framework; name = AVFoundation.framework; path = System/Library/Frameworks/AVFoundation.framework; sourceTree = SDKROOT; };
		FCFE5BAD1D731F7D005DF1A4 /* CoreMedia.framework */ = {isa = PBXFileReference; lastKnownFileType = wrapper.framework; name = CoreMedia.framework; path = System/Library/Frameworks/CoreMedia.framework; sourceTree = SDKROOT; };
		FCFE5BAF1D7336C4005DF1A4 /* PlayListModel.h */ = {isa = PBXFileReference; fileEncoding = 4; lastKnownFileType = sourcecode.c.h; path = PlayListModel.h; sourceTree = "<group>"; };
		FCFE5BB01D7336C4005DF1A4 /* PlayListModel.m */ = {isa = PBXFileReference; fileEncoding = 4; lastKnownFileType = sourcecode.c.objc; path = PlayListModel.m; sourceTree = "<group>"; };
/* End PBXFileReference section */

/* Begin PBXFrameworksBuildPhase section */
		FC5A84D71D7089C200267B7F /* Frameworks */ = {
			isa = PBXFrameworksBuildPhase;
			buildActionMask = 2147483647;
			files = (
				FCF1180A1D7B64CF00A78A5C /* VLCKit.framework in Frameworks */,
				FCD575BA1D749E0900B181C0 /* QuartzCore.framework in Frameworks */,
				FCFE5BAE1D731F7D005DF1A4 /* CoreMedia.framework in Frameworks */,
				FCFE5BAC1D731F40005DF1A4 /* AVFoundation.framework in Frameworks */,
				9DF276ECBEC4FC82FEC4B901 /* libPods-XHPlayerVideo.a in Frameworks */,
			);
			runOnlyForDeploymentPostprocessing = 0;
		};
		FC5A84ED1D7089C200267B7F /* Frameworks */ = {
			isa = PBXFrameworksBuildPhase;
			buildActionMask = 2147483647;
			files = (
			);
			runOnlyForDeploymentPostprocessing = 0;
		};
		FC5A84F81D7089C200267B7F /* Frameworks */ = {
			isa = PBXFrameworksBuildPhase;
			buildActionMask = 2147483647;
			files = (
			);
			runOnlyForDeploymentPostprocessing = 0;
		};
/* End PBXFrameworksBuildPhase section */

/* Begin PBXGroup section */
		299757B0AF4FC4298EC2A56A /* Frameworks */ = {
			isa = PBXGroup;
			children = (
				FCD575B91D749E0900B181C0 /* QuartzCore.framework */,
				FCFE5BAD1D731F7D005DF1A4 /* CoreMedia.framework */,
				FCFE5BAB1D731F40005DF1A4 /* AVFoundation.framework */,
				029B916A20BEB233407D41E3 /* libPods-XHPlayerVideo.a */,
			);
			name = Frameworks;
			sourceTree = "<group>";
		};
		B9C3444C997070C3BA397E28 /* Pods */ = {
			isa = PBXGroup;
			children = (
				11B324F5AA03EBDC27F8F80C /* Pods-XHPlayerVideo.debug.xcconfig */,
				EB1A32EA5DFDC2FFA65D77A3 /* Pods-XHPlayerVideo.release.xcconfig */,
			);
			name = Pods;
			sourceTree = "<group>";
		};
		FC5766C71D8F7FC2000A5787 /* Log */ = {
			isa = PBXGroup;
			children = (
				FC5766C81D8F80CC000A5787 /* Log.h */,
				FC5766C91D8F80CC000A5787 /* Log.m */,
			);
			name = Log;
			sourceTree = "<group>";
		};
		FC5A84D11D7089C200267B7F = {
			isa = PBXGroup;
			children = (
				FC5A84DC1D7089C200267B7F /* XHPlayerVideo */,
				FC5A84F31D7089C200267B7F /* XHPlayerVideoTests */,
				FC5A84FE1D7089C200267B7F /* XHPlayerVideoUITests */,
				FC5A84DB1D7089C200267B7F /* Products */,
				B9C3444C997070C3BA397E28 /* Pods */,
				299757B0AF4FC4298EC2A56A /* Frameworks */,
			);
			sourceTree = "<group>";
		};
		FC5A84DB1D7089C200267B7F /* Products */ = {
			isa = PBXGroup;
			children = (
				FC5A84DA1D7089C200267B7F /* XHPlayerVideo.app */,
				FC5A84F01D7089C200267B7F /* XHPlayerVideoTests.xctest */,
				FC5A84FB1D7089C200267B7F /* XHPlayerVideoUITests.xctest */,
			);
			name = Products;
			sourceTree = "<group>";
		};
		FC5A84DC1D7089C200267B7F /* XHPlayerVideo */ = {
			isa = PBXGroup;
			children = (
				FC40F64D1D78A3EA00CD092D /* README.md */,
				FC5A850E1D70A21F00267B7F /* Class */,
				FC5A850F1D70A21F00267B7F /* Librarys */,
				FC5A85101D70A21F00267B7F /* Resources */,
				FC5A84DD1D7089C200267B7F /* AppDelegate.h */,
				FC5A84DE1D7089C200267B7F /* AppDelegate.m */,
				FC7508731D781C4B000130BC /* Main.storyboard */,
				FC5A84E61D7089C200267B7F /* Assets.xcassets */,
				FC5A84EB1D7089C200267B7F /* Info.plist */,
				FC5A84E01D7089C200267B7F /* Supporting Files */,
			);
			path = XHPlayerVideo;
			sourceTree = "<group>";
		};
		FC5A84E01D7089C200267B7F /* Supporting Files */ = {
			isa = PBXGroup;
			children = (
				FC5A84E11D7089C200267B7F /* main.m */,
			);
			name = "Supporting Files";
			sourceTree = "<group>";
		};
		FC5A84F31D7089C200267B7F /* XHPlayerVideoTests */ = {
			isa = PBXGroup;
			children = (
				FC5A84F41D7089C200267B7F /* XHPlayerVideoTests.m */,
				FC5A84F61D7089C200267B7F /* Info.plist */,
			);
			path = XHPlayerVideoTests;
			sourceTree = "<group>";
		};
		FC5A84FE1D7089C200267B7F /* XHPlayerVideoUITests */ = {
			isa = PBXGroup;
			children = (
				FC5A84FF1D7089C200267B7F /* XHPlayerVideoUITests.m */,
				FC5A85011D7089C200267B7F /* Info.plist */,
			);
			path = XHPlayerVideoUITests;
			sourceTree = "<group>";
		};
		FC5A850E1D70A21F00267B7F /* Class */ = {
			isa = PBXGroup;
			children = (
				FC5A85341D70AEC100267B7F /* Modules */,
				FC5A85311D70AEC100267B7F /* Category */,
				FC5A85321D70AEC100267B7F /* Common */,
				FC5A85331D70AEC100267B7F /* Macro */,
			);
			path = Class;
			sourceTree = "<group>";
		};
		FC5A850F1D70A21F00267B7F /* Librarys */ = {
			isa = PBXGroup;
			children = (
				FCDD9EA71D719C140098C259 /* VLCKit.framework */,
			);
			path = Librarys;
			sourceTree = "<group>";
		};
		FC5A85101D70A21F00267B7F /* Resources */ = {
			isa = PBXGroup;
			children = (
				FCF118031D7B53AA00A78A5C /* videoNotExist.png */,
				FCF118011D7B20D400A78A5C /* smpl.icns */,
				FCF117FF1D7B20C300A78A5C /* video.icns */,
				FCF117FD1D7B202900A78A5C /* audio.icns */,
				FCFE5BA81D731D81005DF1A4 /* defaultCover.png */,
				FC5A854A1D70B77400267B7F /* background.jpg */,
			);
			path = Resources;
			sourceTree = "<group>";
		};
		FC5A85311D70AEC100267B7F /* Category */ = {
			isa = PBXGroup;
			children = (
			);
			path = Category;
			sourceTree = "<group>";
		};
		FC5A85321D70AEC100267B7F /* Common */ = {
			isa = PBXGroup;
			children = (
				FC7508761D79313D000130BC /* NSLabel.h */,
				FC7508771D79313D000130BC /* NSLabel.m */,
			);
			path = Common;
			sourceTree = "<group>";
		};
		FC5A85331D70AEC100267B7F /* Macro */ = {
			isa = PBXGroup;
			children = (
				FC5A85491D70B38000267B7F /* Macro.h */,
			);
			path = Macro;
			sourceTree = "<group>";
		};
		FC5A85341D70AEC100267B7F /* Modules */ = {
			isa = PBXGroup;
			children = (
				FC5766C71D8F7FC2000A5787 /* Log */,
				FC5A85351D70AEC100267B7F /* PlayerVideo */,
				FCFE5B911D72F9BD005DF1A4 /* PlayList */,
			);
			path = Modules;
			sourceTree = "<group>";
		};
		FC5A85351D70AEC100267B7F /* PlayerVideo */ = {
			isa = PBXGroup;
			children = (
				FC5A85361D70AEC100267B7F /* Controllers */,
				FC5A853C1D70AEC100267B7F /* Views */,
			);
			path = PlayerVideo;
			sourceTree = "<group>";
		};
		FC5A85361D70AEC100267B7F /* Controllers */ = {
			isa = PBXGroup;
			children = (
				FC75086E1D781A3D000130BC /* PlayerVideoViewController.h */,
				FC75086F1D781A3D000130BC /* PlayerVideoViewController.m */,
				FC7508701D781A3D000130BC /* PlayerVideoViewController.xib */,
				FC5A85391D70AEC100267B7F /* PlayerVideoWindowController.h */,
				FC5A853A1D70AEC100267B7F /* PlayerVideoWindowController.m */,
			);
			path = Controllers;
			sourceTree = "<group>";
		};
		FC5A853C1D70AEC100267B7F /* Views */ = {
			isa = PBXGroup;
			children = (
				FCDD9EA41D71934A0098C259 /* ControllerView.h */,
				FCDD9EA51D71934A0098C259 /* ControllerView.m */,
				FCD575B61D747D0E00B181C0 /* PlayerTitleView.h */,
				FCD575B71D747D0E00B181C0 /* PlayerTitleView.m */,
			);
			path = Views;
			sourceTree = "<group>";
		};
		FCFE5B911D72F9BD005DF1A4 /* PlayList */ = {
			isa = PBXGroup;
			children = (
				FCFE5B921D72F9BD005DF1A4 /* Cells */,
				FCFE5B951D72F9BD005DF1A4 /* Controllers */,
				FCFE5B991D72F9BD005DF1A4 /* Models */,
				FCFE5B9C1D72F9BD005DF1A4 /* Views */,
				FCFE5B9F1D72F9BD005DF1A4 /* Windows */,
			);
			path = PlayList;
			sourceTree = "<group>";
		};
		FCFE5B921D72F9BD005DF1A4 /* Cells */ = {
			isa = PBXGroup;
			children = (
				FC5E93FE1D770554008F3872 /* VideoCell.h */,
				FC5E93FF1D770554008F3872 /* VideoCell.m */,
			);
			path = Cells;
			sourceTree = "<group>";
		};
		FCFE5B951D72F9BD005DF1A4 /* Controllers */ = {
			isa = PBXGroup;
			children = (
				FC7508651D77CA9C000130BC /* PlayListViewController.xib */,
				FC7508681D77CBCD000130BC /* PlayListViewController.h */,
				FC7508691D77CBCD000130BC /* PlayListViewController.m */,
				FC75086B1D77CCC7000130BC /* PlayListWindowController.h */,
				FC75086C1D77CCC7000130BC /* PlayListWindowController.m */,
			);
			path = Controllers;
			sourceTree = "<group>";
		};
		FCFE5B991D72F9BD005DF1A4 /* Models */ = {
			isa = PBXGroup;
			children = (
				FCFE5B9A1D72F9BD005DF1A4 /* VideoModel.h */,
				FCFE5B9B1D72F9BD005DF1A4 /* VideoModel.m */,
				FCFE5BAF1D7336C4005DF1A4 /* PlayListModel.h */,
				FCFE5BB01D7336C4005DF1A4 /* PlayListModel.m */,
			);
			path = Models;
			sourceTree = "<group>";
		};
		FCFE5B9C1D72F9BD005DF1A4 /* Views */ = {
			isa = PBXGroup;
			children = (
				FCFE5B9D1D72F9BD005DF1A4 /* VideoListTableView.h */,
				FCFE5B9E1D72F9BD005DF1A4 /* VideoListTableView.m */,
				FCD575B31D7469C500B181C0 /* PlayListTitleView.h */,
				FCD575B41D7469C500B181C0 /* PlayListTitleView.m */,
				FC71C2821D7980F300DEF5AB /* VideoCellSelectedView.h */,
				FC71C2831D7980F300DEF5AB /* VideoCellSelectedView.m */,
			);
			path = Views;
			sourceTree = "<group>";
		};
		FCFE5B9F1D72F9BD005DF1A4 /* Windows */ = {
			isa = PBXGroup;
			children = (
				FCFE5BA01D72F9BD005DF1A4 /* PlayListWindow.h */,
				FCFE5BA11D72F9BD005DF1A4 /* PlayListWindow.m */,
			);
			path = Windows;
			sourceTree = "<group>";
		};
/* End PBXGroup section */

/* Begin PBXNativeTarget section */
		FC5A84D91D7089C200267B7F /* XHPlayerVideo */ = {
			isa = PBXNativeTarget;
			buildConfigurationList = FC5A85041D7089C200267B7F /* Build configuration list for PBXNativeTarget "XHPlayerVideo" */;
			buildPhases = (
				DC00CB4E2C0D2AA5580976A9 /* [CP] Check Pods Manifest.lock */,
				FC5A84D61D7089C200267B7F /* Sources */,
				FC5A84D71D7089C200267B7F /* Frameworks */,
				FC5A84D81D7089C200267B7F /* Resources */,
				7C82609992159EA016BE06DA /* [CP] Embed Pods Frameworks */,
				66305DC9B6ABE341438B757A /* [CP] Copy Pods Resources */,
				FCF118091D7B62D600A78A5C /* Embed Frameworks */,
			);
			buildRules = (
			);
			dependencies = (
			);
			name = XHPlayerVideo;
			productName = XHPlayerVideo;
			productReference = FC5A84DA1D7089C200267B7F /* XHPlayerVideo.app */;
			productType = "com.apple.product-type.application";
		};
		FC5A84EF1D7089C200267B7F /* XHPlayerVideoTests */ = {
			isa = PBXNativeTarget;
			buildConfigurationList = FC5A85071D7089C200267B7F /* Build configuration list for PBXNativeTarget "XHPlayerVideoTests" */;
			buildPhases = (
				FC5A84EC1D7089C200267B7F /* Sources */,
				FC5A84ED1D7089C200267B7F /* Frameworks */,
				FC5A84EE1D7089C200267B7F /* Resources */,
			);
			buildRules = (
			);
			dependencies = (
				FC5A84F21D7089C200267B7F /* PBXTargetDependency */,
			);
			name = XHPlayerVideoTests;
			productName = XHPlayerVideoTests;
			productReference = FC5A84F01D7089C200267B7F /* XHPlayerVideoTests.xctest */;
			productType = "com.apple.product-type.bundle.unit-test";
		};
		FC5A84FA1D7089C200267B7F /* XHPlayerVideoUITests */ = {
			isa = PBXNativeTarget;
			buildConfigurationList = FC5A850A1D7089C200267B7F /* Build configuration list for PBXNativeTarget "XHPlayerVideoUITests" */;
			buildPhases = (
				FC5A84F71D7089C200267B7F /* Sources */,
				FC5A84F81D7089C200267B7F /* Frameworks */,
				FC5A84F91D7089C200267B7F /* Resources */,
			);
			buildRules = (
			);
			dependencies = (
				FC5A84FD1D7089C200267B7F /* PBXTargetDependency */,
			);
			name = XHPlayerVideoUITests;
			productName = XHPlayerVideoUITests;
			productReference = FC5A84FB1D7089C200267B7F /* XHPlayerVideoUITests.xctest */;
			productType = "com.apple.product-type.bundle.ui-testing";
		};
/* End PBXNativeTarget section */

/* Begin PBXProject section */
		FC5A84D21D7089C200267B7F /* Project object */ = {
			isa = PBXProject;
			attributes = {
				LastUpgradeCheck = 0730;
				ORGANIZATIONNAME = C;
				TargetAttributes = {
					FC5A84D91D7089C200267B7F = {
						CreatedOnToolsVersion = 7.3;
					};
					FC5A84EF1D7089C200267B7F = {
						CreatedOnToolsVersion = 7.3;
						TestTargetID = FC5A84D91D7089C200267B7F;
					};
					FC5A84FA1D7089C200267B7F = {
						CreatedOnToolsVersion = 7.3;
						TestTargetID = FC5A84D91D7089C200267B7F;
					};
				};
			};
			buildConfigurationList = FC5A84D51D7089C200267B7F /* Build configuration list for PBXProject "XHPlayerVideo" */;
			compatibilityVersion = "Xcode 3.2";
			developmentRegion = English;
			hasScannedForEncodings = 0;
			knownRegions = (
				en,
				Base,
			);
			mainGroup = FC5A84D11D7089C200267B7F;
			productRefGroup = FC5A84DB1D7089C200267B7F /* Products */;
			projectDirPath = "";
			projectRoot = "";
			targets = (
				FC5A84D91D7089C200267B7F /* XHPlayerVideo */,
				FC5A84EF1D7089C200267B7F /* XHPlayerVideoTests */,
				FC5A84FA1D7089C200267B7F /* XHPlayerVideoUITests */,
			);
		};
/* End PBXProject section */

/* Begin PBXResourcesBuildPhase section */
		FC5A84D81D7089C200267B7F /* Resources */ = {
			isa = PBXResourcesBuildPhase;
			buildActionMask = 2147483647;
			files = (
				FCF117FE1D7B202900A78A5C /* audio.icns in Resources */,
				FCF118021D7B20D400A78A5C /* smpl.icns in Resources */,
				FC5A854B1D70B77400267B7F /* background.jpg in Resources */,
				FCF118041D7B53AA00A78A5C /* videoNotExist.png in Resources */,
				FCFE5BA91D731D81005DF1A4 /* defaultCover.png in Resources */,
				FC7508721D781A3D000130BC /* PlayerVideoViewController.xib in Resources */,
				FCF118001D7B20C300A78A5C /* video.icns in Resources */,
				FC7508751D781C4B000130BC /* Main.storyboard in Resources */,
				FC7508661D77CA9C000130BC /* PlayListViewController.xib in Resources */,
				FC5A84E71D7089C200267B7F /* Assets.xcassets in Resources */,
			);
			runOnlyForDeploymentPostprocessing = 0;
		};
		FC5A84EE1D7089C200267B7F /* Resources */ = {
			isa = PBXResourcesBuildPhase;
			buildActionMask = 2147483647;
			files = (
			);
			runOnlyForDeploymentPostprocessing = 0;
		};
		FC5A84F91D7089C200267B7F /* Resources */ = {
			isa = PBXResourcesBuildPhase;
			buildActionMask = 2147483647;
			files = (
			);
			runOnlyForDeploymentPostprocessing = 0;
		};
/* End PBXResourcesBuildPhase section */

/* Begin PBXShellScriptBuildPhase section */
		66305DC9B6ABE341438B757A /* [CP] Copy Pods Resources */ = {
			isa = PBXShellScriptBuildPhase;
			buildActionMask = 2147483647;
			files = (
			);
			inputPaths = (
			);
			name = "[CP] Copy Pods Resources";
			outputPaths = (
			);
			runOnlyForDeploymentPostprocessing = 0;
			shellPath = /bin/sh;
			shellScript = "\"${SRCROOT}/Pods/Target Support Files/Pods-XHPlayerVideo/Pods-XHPlayerVideo-resources.sh\"\n";
			showEnvVarsInLog = 0;
		};
		7C82609992159EA016BE06DA /* [CP] Embed Pods Frameworks */ = {
			isa = PBXShellScriptBuildPhase;
			buildActionMask = 2147483647;
			files = (
			);
			inputPaths = (
			);
			name = "[CP] Embed Pods Frameworks";
			outputPaths = (
			);
			runOnlyForDeploymentPostprocessing = 0;
			shellPath = /bin/sh;
			shellScript = "\"${SRCROOT}/Pods/Target Support Files/Pods-XHPlayerVideo/Pods-XHPlayerVideo-frameworks.sh\"\n";
			showEnvVarsInLog = 0;
		};
		DC00CB4E2C0D2AA5580976A9 /* [CP] Check Pods Manifest.lock */ = {
			isa = PBXShellScriptBuildPhase;
			buildActionMask = 2147483647;
			files = (
			);
			inputPaths = (
			);
			name = "[CP] Check Pods Manifest.lock";
			outputPaths = (
			);
			runOnlyForDeploymentPostprocessing = 0;
			shellPath = /bin/sh;
			shellScript = "diff \"${PODS_ROOT}/../Podfile.lock\" \"${PODS_ROOT}/Manifest.lock\" > /dev/null\nif [[ $? != 0 ]] ; then\n    cat << EOM\nerror: The sandbox is not in sync with the Podfile.lock. Run 'pod install' or update your CocoaPods installation.\nEOM\n    exit 1\nfi\n";
			showEnvVarsInLog = 0;
		};
/* End PBXShellScriptBuildPhase section */

/* Begin PBXSourcesBuildPhase section */
		FC5A84D61D7089C200267B7F /* Sources */ = {
			isa = PBXSourcesBuildPhase;
			buildActionMask = 2147483647;
			files = (
				FC5E94001D770554008F3872 /* VideoCell.m in Sources */,
				FC75086D1D77CCC7000130BC /* PlayListWindowController.m in Sources */,
				FCFE5BB11D7336C4005DF1A4 /* PlayListModel.m in Sources */,
				FC5A85461D70AEC100267B7F /* PlayerVideoWindowController.m in Sources */,
				FC5A84E21D7089C200267B7F /* main.m in Sources */,
				FC7508781D79313D000130BC /* NSLabel.m in Sources */,
				FCFE5BA51D72F9BD005DF1A4 /* VideoModel.m in Sources */,
				FC75086A1D77CBCD000130BC /* PlayListViewController.m in Sources */,
				FC71C2841D7980F300DEF5AB /* VideoCellSelectedView.m in Sources */,
				FCD575B51D7469C500B181C0 /* PlayListTitleView.m in Sources */,
				FCD575B81D747D0E00B181C0 /* PlayerTitleView.m in Sources */,
				FC5A84DF1D7089C200267B7F /* AppDelegate.m in Sources */,
				FC5766CA1D8F80CC000A5787 /* Log.m in Sources */,
				FCDD9EA61D71934A0098C259 /* ControllerView.m in Sources */,
				FCFE5BA71D72F9BD005DF1A4 /* PlayListWindow.m in Sources */,
				FC40F64E1D78A3EA00CD092D /* README.md in Sources */,
				FCFE5BA61D72F9BD005DF1A4 /* VideoListTableView.m in Sources */,
				FC7508711D781A3D000130BC /* PlayerVideoViewController.m in Sources */,
			);
			runOnlyForDeploymentPostprocessing = 0;
		};
		FC5A84EC1D7089C200267B7F /* Sources */ = {
			isa = PBXSourcesBuildPhase;
			buildActionMask = 2147483647;
			files = (
				FC5A84F51D7089C200267B7F /* XHPlayerVideoTests.m in Sources */,
			);
			runOnlyForDeploymentPostprocessing = 0;
		};
		FC5A84F71D7089C200267B7F /* Sources */ = {
			isa = PBXSourcesBuildPhase;
			buildActionMask = 2147483647;
			files = (
				FC5A85001D7089C200267B7F /* XHPlayerVideoUITests.m in Sources */,
			);
			runOnlyForDeploymentPostprocessing = 0;
		};
/* End PBXSourcesBuildPhase section */

/* Begin PBXTargetDependency section */
		FC5A84F21D7089C200267B7F /* PBXTargetDependency */ = {
			isa = PBXTargetDependency;
			target = FC5A84D91D7089C200267B7F /* XHPlayerVideo */;
			targetProxy = FC5A84F11D7089C200267B7F /* PBXContainerItemProxy */;
		};
		FC5A84FD1D7089C200267B7F /* PBXTargetDependency */ = {
			isa = PBXTargetDependency;
			target = FC5A84D91D7089C200267B7F /* XHPlayerVideo */;
			targetProxy = FC5A84FC1D7089C200267B7F /* PBXContainerItemProxy */;
		};
/* End PBXTargetDependency section */

/* Begin PBXVariantGroup section */
		FC7508731D781C4B000130BC /* Main.storyboard */ = {
			isa = PBXVariantGroup;
			children = (
				FC7508741D781C4B000130BC /* Base */,
			);
			name = Main.storyboard;
			sourceTree = "<group>";
		};
/* End PBXVariantGroup section */

/* Begin XCBuildConfiguration section */
		FC5A85021D7089C200267B7F /* Debug */ = {
			isa = XCBuildConfiguration;
			buildSettings = {
				ALWAYS_SEARCH_USER_PATHS = NO;
				CLANG_ANALYZER_NONNULL = YES;
				CLANG_CXX_LANGUAGE_STANDARD = "gnu++0x";
				CLANG_CXX_LIBRARY = "libc++";
				CLANG_ENABLE_MODULES = NO;
				CLANG_ENABLE_OBJC_ARC = YES;
				CLANG_WARN_BOOL_CONVERSION = YES;
				CLANG_WARN_CONSTANT_CONVERSION = YES;
				CLANG_WARN_DIRECT_OBJC_ISA_USAGE = YES_ERROR;
				CLANG_WARN_EMPTY_BODY = YES;
				CLANG_WARN_ENUM_CONVERSION = YES;
				CLANG_WARN_INT_CONVERSION = YES;
				CLANG_WARN_OBJC_ROOT_CLASS = YES_ERROR;
				CLANG_WARN_UNREACHABLE_CODE = YES;
				CLANG_WARN__DUPLICATE_METHOD_MATCH = YES;
				CODE_SIGN_IDENTITY = "-";
				COPY_PHASE_STRIP = NO;
				DEBUG_INFORMATION_FORMAT = dwarf;
				ENABLE_STRICT_OBJC_MSGSEND = YES;
				ENABLE_TESTABILITY = YES;
				GCC_C_LANGUAGE_STANDARD = gnu99;
				GCC_DYNAMIC_NO_PIC = NO;
				GCC_NO_COMMON_BLOCKS = YES;
				GCC_OPTIMIZATION_LEVEL = 0;
				GCC_PREPROCESSOR_DEFINITIONS = (
					"DEBUG=1",
					"$(inherited)",
				);
				GCC_WARN_64_TO_32_BIT_CONVERSION = YES;
				GCC_WARN_ABOUT_RETURN_TYPE = YES_ERROR;
				GCC_WARN_UNDECLARED_SELECTOR = YES;
				GCC_WARN_UNINITIALIZED_AUTOS = YES_AGGRESSIVE;
				GCC_WARN_UNUSED_FUNCTION = YES;
				GCC_WARN_UNUSED_VARIABLE = YES;
				MACOSX_DEPLOYMENT_TARGET = 10.11;
				MTL_ENABLE_DEBUG_INFO = YES;
				ONLY_ACTIVE_ARCH = YES;
				SDKROOT = macosx;
			};
			name = Debug;
		};
		FC5A85031D7089C200267B7F /* Release */ = {
			isa = XCBuildConfiguration;
			buildSettings = {
				ALWAYS_SEARCH_USER_PATHS = NO;
				CLANG_ANALYZER_NONNULL = YES;
				CLANG_CXX_LANGUAGE_STANDARD = "gnu++0x";
				CLANG_CXX_LIBRARY = "libc++";
				CLANG_ENABLE_MODULES = NO;
				CLANG_ENABLE_OBJC_ARC = YES;
				CLANG_WARN_BOOL_CONVERSION = YES;
				CLANG_WARN_CONSTANT_CONVERSION = YES;
				CLANG_WARN_DIRECT_OBJC_ISA_USAGE = YES_ERROR;
				CLANG_WARN_EMPTY_BODY = YES;
				CLANG_WARN_ENUM_CONVERSION = YES;
				CLANG_WARN_INT_CONVERSION = YES;
				CLANG_WARN_OBJC_ROOT_CLASS = YES_ERROR;
				CLANG_WARN_UNREACHABLE_CODE = YES;
				CLANG_WARN__DUPLICATE_METHOD_MATCH = YES;
				CODE_SIGN_IDENTITY = "-";
				COPY_PHASE_STRIP = NO;
				DEBUG_INFORMATION_FORMAT = "dwarf-with-dsym";
				ENABLE_NS_ASSERTIONS = NO;
				ENABLE_STRICT_OBJC_MSGSEND = YES;
				GCC_C_LANGUAGE_STANDARD = gnu99;
				GCC_NO_COMMON_BLOCKS = YES;
				GCC_WARN_64_TO_32_BIT_CONVERSION = YES;
				GCC_WARN_ABOUT_RETURN_TYPE = YES_ERROR;
				GCC_WARN_UNDECLARED_SELECTOR = YES;
				GCC_WARN_UNINITIALIZED_AUTOS = YES_AGGRESSIVE;
				GCC_WARN_UNUSED_FUNCTION = YES;
				GCC_WARN_UNUSED_VARIABLE = YES;
				MACOSX_DEPLOYMENT_TARGET = 10.11;
				MTL_ENABLE_DEBUG_INFO = NO;
				SDKROOT = macosx;
			};
			name = Release;
		};
		FC5A85051D7089C200267B7F /* Debug */ = {
			isa = XCBuildConfiguration;
			baseConfigurationReference = 11B324F5AA03EBDC27F8F80C /* Pods-XHPlayerVideo.debug.xcconfig */;
			buildSettings = {
				ASSETCATALOG_COMPILER_APPICON_NAME = AppIcon;
				COMBINE_HIDPI_IMAGES = YES;
				FRAMEWORK_SEARCH_PATHS = (
					"$(inherited)",
					"$(PROJECT_DIR)/XHPlayerVideo/Librarys",
				);
				HEADER_SEARCH_PATHS = (
					"$(inherited)",
					"\"${PODS_ROOT}/Headers/Public\"",
					"\"${PODS_ROOT}/Headers/Public/Masonry\"",
					"\"$(SRCROOT)/XHPlayerVideo/Librarys/include\"",
				);
				INFOPLIST_FILE = XHPlayerVideo/Info.plist;
				LD_RUNPATH_SEARCH_PATHS = "$(inherited) @executable_path/../Frameworks";
				MACOSX_DEPLOYMENT_TARGET = 10.8;
				PRODUCT_BUNDLE_IDENTIFIER = xh.XHPlayerVideo;
				PRODUCT_NAME = "$(TARGET_NAME)";
			};
			name = Debug;
		};
		FC5A85061D7089C200267B7F /* Release */ = {
			isa = XCBuildConfiguration;
			baseConfigurationReference = EB1A32EA5DFDC2FFA65D77A3 /* Pods-XHPlayerVideo.release.xcconfig */;
			buildSettings = {
				ASSETCATALOG_COMPILER_APPICON_NAME = AppIcon;
				COMBINE_HIDPI_IMAGES = YES;
				FRAMEWORK_SEARCH_PATHS = (
					"$(inherited)",
					"$(PROJECT_DIR)/XHPlayerVideo/Librarys",
				);
				HEADER_SEARCH_PATHS = (
					"$(inherited)",
					"\"${PODS_ROOT}/Headers/Public\"",
					"\"${PODS_ROOT}/Headers/Public/Masonry\"",
					"\"$(SRCROOT)/XHPlayerVideo/Librarys/include\"",
				);
				INFOPLIST_FILE = XHPlayerVideo/Info.plist;
				LD_RUNPATH_SEARCH_PATHS = "$(inherited) @executable_path/../Frameworks";
				MACOSX_DEPLOYMENT_TARGET = 10.8;
				PRODUCT_BUNDLE_IDENTIFIER = xh.XHPlayerVideo;
				PRODUCT_NAME = "$(TARGET_NAME)";
			};
			name = Release;
		};
		FC5A85081D7089C200267B7F /* Debug */ = {
			isa = XCBuildConfiguration;
			buildSettings = {
				BUNDLE_LOADER = "$(TEST_HOST)";
				COMBINE_HIDPI_IMAGES = YES;
				INFOPLIST_FILE = XHPlayerVideoTests/Info.plist;
				LD_RUNPATH_SEARCH_PATHS = "$(inherited) @executable_path/../Frameworks @loader_path/../Frameworks";
				PRODUCT_BUNDLE_IDENTIFIER = xh.XHPlayerVideoTests;
				PRODUCT_NAME = "$(TARGET_NAME)";
				TEST_HOST = "$(BUILT_PRODUCTS_DIR)/XHPlayerVideo.app/Contents/MacOS/XHPlayerVideo";
			};
			name = Debug;
		};
		FC5A85091D7089C200267B7F /* Release */ = {
			isa = XCBuildConfiguration;
			buildSettings = {
				BUNDLE_LOADER = "$(TEST_HOST)";
				COMBINE_HIDPI_IMAGES = YES;
				INFOPLIST_FILE = XHPlayerVideoTests/Info.plist;
				LD_RUNPATH_SEARCH_PATHS = "$(inherited) @executable_path/../Frameworks @loader_path/../Frameworks";
				PRODUCT_BUNDLE_IDENTIFIER = xh.XHPlayerVideoTests;
				PRODUCT_NAME = "$(TARGET_NAME)";
				TEST_HOST = "$(BUILT_PRODUCTS_DIR)/XHPlayerVideo.app/Contents/MacOS/XHPlayerVideo";
			};
			name = Release;
		};
		FC5A850B1D7089C200267B7F /* Debug */ = {
			isa = XCBuildConfiguration;
			buildSettings = {
				COMBINE_HIDPI_IMAGES = YES;
				INFOPLIST_FILE = XHPlayerVideoUITests/Info.plist;
				LD_RUNPATH_SEARCH_PATHS = "$(inherited) @executable_path/../Frameworks @loader_path/../Frameworks";
				PRODUCT_BUNDLE_IDENTIFIER = xh.XHPlayerVideoUITests;
				PRODUCT_NAME = "$(TARGET_NAME)";
				TEST_TARGET_NAME = XHPlayerVideo;
			};
			name = Debug;
		};
		FC5A850C1D7089C200267B7F /* Release */ = {
			isa = XCBuildConfiguration;
			buildSettings = {
				COMBINE_HIDPI_IMAGES = YES;
				INFOPLIST_FILE = XHPlayerVideoUITests/Info.plist;
				LD_RUNPATH_SEARCH_PATHS = "$(inherited) @executable_path/../Frameworks @loader_path/../Frameworks";
				PRODUCT_BUNDLE_IDENTIFIER = xh.XHPlayerVideoUITests;
				PRODUCT_NAME = "$(TARGET_NAME)";
				TEST_TARGET_NAME = XHPlayerVideo;
			};
			name = Release;
		};
/* End XCBuildConfiguration section */

/* Begin XCConfigurationList section */
		FC5A84D51D7089C200267B7F /* Build configuration list for PBXProject "XHPlayerVideo" */ = {
			isa = XCConfigurationList;
			buildConfigurations = (
				FC5A85021D7089C200267B7F /* Debug */,
				FC5A85031D7089C200267B7F /* Release */,
			);
			defaultConfigurationIsVisible = 0;
			defaultConfigurationName = Release;
		};
		FC5A85041D7089C200267B7F /* Build configuration list for PBXNativeTarget "XHPlayerVideo" */ = {
			isa = XCConfigurationList;
			buildConfigurations = (
				FC5A85051D7089C200267B7F /* Debug */,
				FC5A85061D7089C200267B7F /* Release */,
			);
			defaultConfigurationIsVisible = 0;
			defaultConfigurationName = Release;
		};
		FC5A85071D7089C200267B7F /* Build configuration list for PBXNativeTarget "XHPlayerVideoTests" */ = {
			isa = XCConfigurationList;
			buildConfigurations = (
				FC5A85081D7089C200267B7F /* Debug */,
				FC5A85091D7089C200267B7F /* Release */,
			);
			defaultConfigurationIsVisible = 0;
			defaultConfigurationName = Release;
		};
		FC5A850A1D7089C200267B7F /* Build configuration list for PBXNativeTarget "XHPlayerVideoUITests" */ = {
			isa = XCConfigurationList;
			buildConfigurations = (
				FC5A850B1D7089C200267B7F /* Debug */,
				FC5A850C1D7089C200267B7F /* Release */,
			);
			defaultConfigurationIsVisible = 0;
			defaultConfigurationName = Release;
		};
/* End XCConfigurationList section */
	};
	rootObject = FC5A84D21D7089C200267B7F /* Project object */;
}
